
Microsoft Visual Studio Solution File, Format Version 12.00
# Visual Studio 15
VisualStudioVersion = 15.0.27428.2043
MinimumVisualStudioVersion = 10.0.40219.1
Project("{8BC9CEB8-8B4A-11D0-8D11-00A0C91BC942}") = "Lab_8", "Lab_8\Lab_8.vcxproj", "{CD15DEA9-47D1-42F8-96F1-A93D9FF3A6D3}"
EndProject
Global
	GlobalSection(SolutionConfigurationPlatforms) = preSolution
		Debug|x64 = Debug|x64
		Debug|x86 = Debug|x86
		Release|x64 = Release|x64
		Release|x86 = Release|x86
	EndGlobalSection
	GlobalSection(ProjectConfigurationPlatforms) = postSolution
		{CD15DEA9-47D1-42F8-96F1-A93D9FF3A6D3}.Debug|x64.ActiveCfg = Debug|x64
		{CD15DEA9-47D1-42F8-96F1-A93D9FF3A6D3}.Debug|x64.Build.0 = Debug|x64
		{CD15DEA9-47D1-42F8-96F1-A93D9FF3A6D3}.Debug|x86.ActiveCfg = Debug|Win32
		{CD15DEA9-47D1-42F8-96F1-A93D9FF3A6D3}.Debug|x86.Build.0 = Debug|Win32
		{CD15DEA9-47D1-42F8-96F1-A93D9FF3A6D3}.Release|x64.ActiveCfg = Release|x64
		{CD15DEA9-47D1-42F8-96F1-A93D9FF3A6D3}.Release|x64.Build.0 = Release|x64
		{CD15DEA9-47D1-42F8-96F1-A93D9FF3A6D3}.Release|x86.ActiveCfg = Release|Win32
		{CD15DEA9-47D1-42F8-96F1-A93D9FF3A6D3}.Release|x86.Build.0 = Release|Win32
	EndGlobalSection
	GlobalSection(SolutionProperties) = preSolution
		HideSolutionNode = FALSE
	EndGlobalSection
	GlobalSection(ExtensibilityGlobals) = postSolution
		SolutionGuid = {A501046D-B808-4FC9-9394-A180EAA70D14}
	EndGlobalSection
EndGlobal
